
Microsoft Visual Studio Solution File, Format Version 12.00
# Visual Studio Version 17
VisualStudioVersion = 17.0.31912.275
MinimumVisualStudioVersion = 10.0.40219.1
Project("{2150E333-8FDC-42A3-9474-1A3956D46DE8}") = "src", "src", "{C07AC6AC-5265-44A9-91AB-7A60AF94AE9E}"
EndProject
Project("{FAE04EC0-301F-11D3-BF4B-00C04F79EFBC}") = "MultiAuthentication", "src\MultiAuthentication\MultiAuthentication.csproj", "{308E8A42-28C4-44AA-A79E-A95F50FFAA77}"
EndProject
Project("{E53339B2-1760-4266-BCC7-CA923CBCF16C}") = "docker-compose", "docker-compose.dcproj", "{0CF695EA-26A8-42C7-87C0-2AC514CC2D99}"
EndProject
Global
	GlobalSection(SolutionConfigurationPlatforms) = preSolution
		Debug|Any CPU = Debug|Any CPU
		Release|Any CPU = Release|Any CPU
	EndGlobalSection
	GlobalSection(ProjectConfigurationPlatforms) = postSolution
		{308E8A42-28C4-44AA-A79E-A95F50FFAA77}.Debug|Any CPU.ActiveCfg = Debug|Any CPU
		{308E8A42-28C4-44AA-A79E-A95F50FFAA77}.Debug|Any CPU.Build.0 = Debug|Any CPU
		{308E8A42-28C4-44AA-A79E-A95F50FFAA77}.Release|Any CPU.ActiveCfg = Release|Any CPU
		{308E8A42-28C4-44AA-A79E-A95F50FFAA77}.Release|Any CPU.Build.0 = Release|Any CPU
		{0CF695EA-26A8-42C7-87C0-2AC514CC2D99}.Debug|Any CPU.ActiveCfg = Debug|Any CPU
		{0CF695EA-26A8-42C7-87C0-2AC514CC2D99}.Debug|Any CPU.Build.0 = Debug|Any CPU
		{0CF695EA-26A8-42C7-87C0-2AC514CC2D99}.Release|Any CPU.ActiveCfg = Release|Any CPU
		{0CF695EA-26A8-42C7-87C0-2AC514CC2D99}.Release|Any CPU.Build.0 = Release|Any CPU
	EndGlobalSection
	GlobalSection(SolutionProperties) = preSolution
		HideSolutionNode = FALSE
	EndGlobalSection
	GlobalSection(NestedProjects) = preSolution
		{308E8A42-28C4-44AA-A79E-A95F50FFAA77} = {C07AC6AC-5265-44A9-91AB-7A60AF94AE9E}
	EndGlobalSection
	GlobalSection(ExtensibilityGlobals) = postSolution
		SolutionGuid = {27114819-8AEE-4B66-909A-E47EB238623D}
	EndGlobalSection
EndGlobal
